
Microsoft Visual Studio Solution File, Format Version 12.00
# Visual Studio Version 16
VisualStudioVersion = 16.0.31205.134
MinimumVisualStudioVersion = 10.0.40219.1
Project("{FAE04EC0-301F-11D3-BF4B-00C04F79EFBC}") = "TestAsyncLog", "TestAsyncLog.csproj", "{FB57C575-5AA0-4BC5-8F80-62F2BF22C026}"
EndProject
Global
	GlobalSection(SolutionConfigurationPlatforms) = preSolution
		Debug|Any CPU = Debug|Any CPU
		Release|Any CPU = Release|Any CPU
	EndGlobalSection
	GlobalSection(ProjectConfigurationPlatforms) = postSolution
		{FB57C575-5AA0-4BC5-8F80-62F2BF22C026}.Debug|Any CPU.ActiveCfg = Debug|Any CPU
		{FB57C575-5AA0-4BC5-8F80-62F2BF22C026}.Debug|Any CPU.Build.0 = Debug|Any CPU
		{FB57C575-5AA0-4BC5-8F80-62F2BF22C026}.Release|Any CPU.ActiveCfg = Release|Any CPU
		{FB57C575-5AA0-4BC5-8F80-62F2BF22C026}.Release|Any CPU.Build.0 = Release|Any CPU
	EndGlobalSection
	GlobalSection(SolutionProperties) = preSolution
		HideSolutionNode = FALSE
	EndGlobalSection
	GlobalSection(ExtensibilityGlobals) = postSolution
		SolutionGuid = {E01DC2CB-325A-41E0-9866-BE2B9375B51B}
	EndGlobalSection
EndGlobal
